
Microsoft Visual Studio Solution File, Format Version 12.00
# Visual Studio Version 16
VisualStudioVersion = 16.0.31005.135
MinimumVisualStudioVersion = 10.0.40219.1
Project("{FAE04EC0-301F-11D3-BF4B-00C04F79EFBC}") = "Yoga", "Yoga\Yoga.csproj", "{6795824F-81E5-4178-B26E-E2EF65C14724}"
EndProject
Project("{FAE04EC0-301F-11D3-BF4B-00C04F79EFBC}") = "Yoga.Data", "Yoga.Data\Yoga.Data.csproj", "{B9CE18CF-D5D2-46D6-A112-7C5CD76DB1C2}"
EndProject
Global
	GlobalSection(SolutionConfigurationPlatforms) = preSolution
		Debug|Any CPU = Debug|Any CPU
		Release|Any CPU = Release|Any CPU
	EndGlobalSection
	GlobalSection(ProjectConfigurationPlatforms) = postSolution
		{6795824F-81E5-4178-B26E-E2EF65C14724}.Debug|Any CPU.ActiveCfg = Debug|Any CPU
		{6795824F-81E5-4178-B26E-E2EF65C14724}.Debug|Any CPU.Build.0 = Debug|Any CPU
		{6795824F-81E5-4178-B26E-E2EF65C14724}.Release|Any CPU.ActiveCfg = Release|Any CPU
		{6795824F-81E5-4178-B26E-E2EF65C14724}.Release|Any CPU.Build.0 = Release|Any CPU
		{B9CE18CF-D5D2-46D6-A112-7C5CD76DB1C2}.Debug|Any CPU.ActiveCfg = Debug|Any CPU
		{B9CE18CF-D5D2-46D6-A112-7C5CD76DB1C2}.Debug|Any CPU.Build.0 = Debug|Any CPU
		{B9CE18CF-D5D2-46D6-A112-7C5CD76DB1C2}.Release|Any CPU.ActiveCfg = Release|Any CPU
		{B9CE18CF-D5D2-46D6-A112-7C5CD76DB1C2}.Release|Any CPU.Build.0 = Release|Any CPU
	EndGlobalSection
	GlobalSection(SolutionProperties) = preSolution
		HideSolutionNode = FALSE
	EndGlobalSection
	GlobalSection(ExtensibilityGlobals) = postSolution
		SolutionGuid = {5E428687-8D8C-4B8A-8EAC-B5BC0E4B5361}
	EndGlobalSection
EndGlobal
